
Microsoft Visual Studio Solution File, Format Version 12.00
# Visual Studio Version 17
VisualStudioVersion = 17.4.33213.308
MinimumVisualStudioVersion = 10.0.40219.1
Project("{FAE04EC0-301F-11D3-BF4B-00C04F79EFBC}") = "ConsoleApp3", "ConsoleApp3.csproj", "{0D4F472F-6CE3-4A16-9E52-5D1B87052D3F}"
EndProject
Global
	GlobalSection(SolutionConfigurationPlatforms) = preSolution
		Debug|Any CPU = Debug|Any CPU
		Release|Any CPU = Release|Any CPU
	EndGlobalSection
	GlobalSection(ProjectConfigurationPlatforms) = postSolution
		{0D4F472F-6CE3-4A16-9E52-5D1B87052D3F}.Debug|Any CPU.ActiveCfg = Debug|Any CPU
		{0D4F472F-6CE3-4A16-9E52-5D1B87052D3F}.Debug|Any CPU.Build.0 = Debug|Any CPU
		{0D4F472F-6CE3-4A16-9E52-5D1B87052D3F}.Release|Any CPU.ActiveCfg = Release|Any CPU
		{0D4F472F-6CE3-4A16-9E52-5D1B87052D3F}.Release|Any CPU.Build.0 = Release|Any CPU
	EndGlobalSection
	GlobalSection(SolutionProperties) = preSolution
		HideSolutionNode = FALSE
	EndGlobalSection
	GlobalSection(ExtensibilityGlobals) = postSolution
		SolutionGuid = {434F3384-4B57-48FF-A8F8-EC6E5011539F}
	EndGlobalSection
EndGlobal
